
Microsoft Visual Studio Solution File, Format Version 12.00
# Visual Studio Version 17
VisualStudioVersion = 17.4.33122.133
MinimumVisualStudioVersion = 10.0.40219.1
Project("{FAE04EC0-301F-11D3-BF4B-00C04F79EFBC}") = "PWAConverter", "PWAConverter\PWAConverter.csproj", "{53DD4D29-B8DD-4A80-859A-8F788C9DE72C}"
EndProject
Global
	GlobalSection(SolutionConfigurationPlatforms) = preSolution
		Debug|Any CPU = Debug|Any CPU
		Release|Any CPU = Release|Any CPU
	EndGlobalSection
	GlobalSection(ProjectConfigurationPlatforms) = postSolution
		{53DD4D29-B8DD-4A80-859A-8F788C9DE72C}.Debug|Any CPU.ActiveCfg = Debug|Any CPU
		{53DD4D29-B8DD-4A80-859A-8F788C9DE72C}.Debug|Any CPU.Build.0 = Debug|Any CPU
		{53DD4D29-B8DD-4A80-859A-8F788C9DE72C}.Release|Any CPU.ActiveCfg = Release|Any CPU
		{53DD4D29-B8DD-4A80-859A-8F788C9DE72C}.Release|Any CPU.Build.0 = Release|Any CPU
	EndGlobalSection
	GlobalSection(SolutionProperties) = preSolution
		HideSolutionNode = FALSE
	EndGlobalSection
	GlobalSection(ExtensibilityGlobals) = postSolution
		SolutionGuid = {215166C2-A110-4EBA-8162-0E17A94D644C}
	EndGlobalSection
EndGlobal
